// !$*UTF8*$!
{
	archiveVersion = 1;
	classes = {
	};
	objectVersion = 46;
	objects = {

/* Begin PBXBuildFile section */
		6A742CA317DB9BC9008B75C8 /* Foundation.framework in Frameworks */ = {isa = PBXBuildFile; fileRef = 6A742CA217DB9BC9008B75C8 /* Foundation.framework */; };
		6A742CA517DB9BC9008B75C8 /* CoreGraphics.framework in Frameworks */ = {isa = PBXBuildFile; fileRef = 6A742CA417DB9BC9008B75C8 /* CoreGraphics.framework */; };
		6A742CA717DB9BC9008B75C8 /* UIKit.framework in Frameworks */ = {isa = PBXBuildFile; fileRef = 6A742CA617DB9BC9008B75C8 /* UIKit.framework */; };
		6A742CAD17DB9BC9008B75C8 /* InfoPlist.strings in Resources */ = {isa = PBXBuildFile; fileRef = 6A742CAB17DB9BC9008B75C8 /* InfoPlist.strings */; };
		6A742CAF17DB9BC9008B75C8 /* main.mm in Sources */ = {isa = PBXBuildFile; fileRef = 6A742CAE17DB9BC9008B75C8 /* main.mm */; };
		6A742CB317DB9BC9008B75C8 /* PAAppDelegate.m in Sources */ = {isa = PBXBuildFile; fileRef = 6A742CB217DB9BC9008B75C8 /* PAAppDelegate.m */; };
		6A742CB617DB9BC9008B75C8 /* Main.storyboard in Resources */ = {isa = PBXBuildFile; fileRef = 6A742CB417DB9BC9008B75C8 /* Main.storyboard */; };
		6A742CB917DB9BC9008B75C8 /* PAMasterViewController.m in Sources */ = {isa = PBXBuildFile; fileRef = 6A742CB817DB9BC9008B75C8 /* PAMasterViewController.m */; };
		6A742CBC17DB9BC9008B75C8 /* PADetailViewController.m in Sources */ = {isa = PBXBuildFile; fileRef = 6A742CBB17DB9BC9008B75C8 /* PADetailViewController.m */; };
		6A742CBE17DB9BC9008B75C8 /* Images.xcassets in Resources */ = {isa = PBXBuildFile; fileRef = 6A742CBD17DB9BC9008B75C8 /* Images.xcassets */; };
		6A742CC517DB9BC9008B75C8 /* XCTest.framework in Frameworks */ = {isa = PBXBuildFile; fileRef = 6A742CC417DB9BC9008B75C8 /* XCTest.framework */; };
		6A742CC617DB9BC9008B75C8 /* Foundation.framework in Frameworks */ = {isa = PBXBuildFile; fileRef = 6A742CA217DB9BC9008B75C8 /* Foundation.framework */; };
		6A742CC717DB9BC9008B75C8 /* UIKit.framework in Frameworks */ = {isa = PBXBuildFile; fileRef = 6A742CA617DB9BC9008B75C8 /* UIKit.framework */; };
		6A742CCF17DB9BC9008B75C8 /* InfoPlist.strings in Resources */ = {isa = PBXBuildFile; fileRef = 6A742CCD17DB9BC9008B75C8 /* InfoPlist.strings */; };
		6A742CD117DB9BC9008B75C8 /* UIKitStuffTests.m in Sources */ = {isa = PBXBuildFile; fileRef = 6A742CD017DB9BC9008B75C8 /* UIKitStuffTests.m */; };
		6A742CEA17DBA013008B75C8 /* libPAAdminClient.a in Frameworks */ = {isa = PBXBuildFile; fileRef = 6A742CE917DBA013008B75C8 /* libPAAdminClient.a */; };
/* End PBXBuildFile section */

/* Begin PBXContainerItemProxy section */
		6A742CC817DB9BC9008B75C8 /* PBXContainerItemProxy */ = {
			isa = PBXContainerItemProxy;
			containerPortal = 6A742C9717DB9BC9008B75C8 /* Project object */;
			proxyType = 1;
			remoteGlobalIDString = 6A742C9E17DB9BC9008B75C8;
			remoteInfo = UIKitStuff;
		};
/* End PBXContainerItemProxy section */

/* Begin PBXFileReference section */
		6A742C9F17DB9BC9008B75C8 /* UIKitStuff.app */ = {isa = PBXFileReference; explicitFileType = wrapper.application; includeInIndex = 0; path = UIKitStuff.app; sourceTree = BUILT_PRODUCTS_DIR; };
		6A742CA217DB9BC9008B75C8 /* Foundation.framework */ = {isa = PBXFileReference; lastKnownFileType = wrapper.framework; name = Foundation.framework; path = System/Library/Frameworks/Foundation.framework; sourceTree = SDKROOT; };
		6A742CA417DB9BC9008B75C8 /* CoreGraphics.framework */ = {isa = PBXFileReference; lastKnownFileType = wrapper.framework; name = CoreGraphics.framework; path = System/Library/Frameworks/CoreGraphics.framework; sourceTree = SDKROOT; };
		6A742CA617DB9BC9008B75C8 /* UIKit.framework */ = {isa = PBXFileReference; lastKnownFileType = wrapper.framework; name = UIKit.framework; path = System/Library/Frameworks/UIKit.framework; sourceTree = SDKROOT; };
		6A742CAA17DB9BC9008B75C8 /* UIKitStuff-Info.plist */ = {isa = PBXFileReference; lastKnownFileType = text.plist.xml; path = "UIKitStuff-Info.plist"; sourceTree = "<group>"; };
		6A742CAC17DB9BC9008B75C8 /* en */ = {isa = PBXFileReference; lastKnownFileType = text.plist.strings; name = en; path = en.lproj/InfoPlist.strings; sourceTree = "<group>"; };
		6A742CAE17DB9BC9008B75C8 /* main.mm */ = {isa = PBXFileReference; lastKnownFileType = sourcecode.cpp.objcpp; path = main.mm; sourceTree = "<group>"; };
		6A742CB017DB9BC9008B75C8 /* UIKitStuff-Prefix.pch */ = {isa = PBXFileReference; lastKnownFileType = sourcecode.c.h; path = "UIKitStuff-Prefix.pch"; sourceTree = "<group>"; };
		6A742CB117DB9BC9008B75C8 /* PAAppDelegate.h */ = {isa = PBXFileReference; lastKnownFileType = sourcecode.c.h; path = PAAppDelegate.h; sourceTree = "<group>"; };
		6A742CB217DB9BC9008B75C8 /* PAAppDelegate.m */ = {isa = PBXFileReference; lastKnownFileType = sourcecode.c.objc; path = PAAppDelegate.m; sourceTree = "<group>"; };
		6A742CB517DB9BC9008B75C8 /* Base */ = {isa = PBXFileReference; lastKnownFileType = file.storyboard; name = Base; path = Base.lproj/Main.storyboard; sourceTree = "<group>"; };
		6A742CB717DB9BC9008B75C8 /* PAMasterViewController.h */ = {isa = PBXFileReference; lastKnownFileType = sourcecode.c.h; path = PAMasterViewController.h; sourceTree = "<group>"; };
		6A742CB817DB9BC9008B75C8 /* PAMasterViewController.m */ = {isa = PBXFileReference; lastKnownFileType = sourcecode.c.objc; path = PAMasterViewController.m; sourceTree = "<group>"; };
		6A742CBA17DB9BC9008B75C8 /* PADetailViewController.h */ = {isa = PBXFileReference; lastKnownFileType = sourcecode.c.h; path = PADetailViewController.h; sourceTree = "<group>"; };
		6A742CBB17DB9BC9008B75C8 /* PADetailViewController.m */ = {isa = PBXFileReference; lastKnownFileType = sourcecode.c.objc; path = PADetailViewController.m; sourceTree = "<group>"; };
		6A742CBD17DB9BC9008B75C8 /* Images.xcassets */ = {isa = PBXFileReference; lastKnownFileType = folder.assetcatalog; path = Images.xcassets; sourceTree = "<group>"; };
		6A742CC317DB9BC9008B75C8 /* UIKitStuffTests.xctest */ = {isa = PBXFileReference; explicitFileType = wrapper.cfbundle; includeInIndex = 0; path = UIKitStuffTests.xctest; sourceTree = BUILT_PRODUCTS_DIR; };
		6A742CC417DB9BC9008B75C8 /* XCTest.framework */ = {isa = PBXFileReference; lastKnownFileType = wrapper.framework; name = XCTest.framework; path = Library/Frameworks/XCTest.framework; sourceTree = DEVELOPER_DIR; };
		6A742CCC17DB9BC9008B75C8 /* UIKitStuffTests-Info.plist */ = {isa = PBXFileReference; lastKnownFileType = text.plist.xml; path = "UIKitStuffTests-Info.plist"; sourceTree = "<group>"; };
		6A742CCE17DB9BC9008B75C8 /* en */ = {isa = PBXFileReference; lastKnownFileType = text.plist.strings; name = en; path = en.lproj/InfoPlist.strings; sourceTree = "<group>"; };
		6A742CD017DB9BC9008B75C8 /* UIKitStuffTests.m */ = {isa = PBXFileReference; lastKnownFileType = sourcecode.c.objc; path = UIKitStuffTests.m; sourceTree = "<group>"; };
		6A742CE917DBA013008B75C8 /* libPAAdminClient.a */ = {isa = PBXFileReference; lastKnownFileType = archive.ar; name = libPAAdminClient.a; path = "../PAAdminClient/build/Debug-iphoneos/libPAAdminClient.a"; sourceTree = "<group>"; };
/* End PBXFileReference section */

/* Begin PBXFrameworksBuildPhase section */
		6A742C9C17DB9BC9008B75C8 /* Frameworks */ = {
			isa = PBXFrameworksBuildPhase;
			buildActionMask = 2147483647;
			files = (
				6A742CEA17DBA013008B75C8 /* libPAAdminClient.a in Frameworks */,
				6A742CA517DB9BC9008B75C8 /* CoreGraphics.framework in Frameworks */,
				6A742CA717DB9BC9008B75C8 /* UIKit.framework in Frameworks */,
				6A742CA317DB9BC9008B75C8 /* Foundation.framework in Frameworks */,
			);
			runOnlyForDeploymentPostprocessing = 0;
		};
		6A742CC017DB9BC9008B75C8 /* Frameworks */ = {
			isa = PBXFrameworksBuildPhase;
			buildActionMask = 2147483647;
			files = (
				6A742CC517DB9BC9008B75C8 /* XCTest.framework in Frameworks */,
				6A742CC717DB9BC9008B75C8 /* UIKit.framework in Frameworks */,
				6A742CC617DB9BC9008B75C8 /* Foundation.framework in Frameworks */,
			);
			runOnlyForDeploymentPostprocessing = 0;
		};
/* End PBXFrameworksBuildPhase section */

/* Begin PBXGroup section */
		6A742C9617DB9BC9008B75C8 = {
			isa = PBXGroup;
			children = (
				6A742CA817DB9BC9008B75C8 /* UIKitStuff */,
				6A742CCA17DB9BC9008B75C8 /* UIKitStuffTests */,
				6A742CA117DB9BC9008B75C8 /* Frameworks */,
				6A742CA017DB9BC9008B75C8 /* Products */,
			);
			sourceTree = "<group>";
		};
		6A742CA017DB9BC9008B75C8 /* Products */ = {
			isa = PBXGroup;
			children = (
				6A742C9F17DB9BC9008B75C8 /* UIKitStuff.app */,
				6A742CC317DB9BC9008B75C8 /* UIKitStuffTests.xctest */,
			);
			name = Products;
			sourceTree = "<group>";
		};
		6A742CA117DB9BC9008B75C8 /* Frameworks */ = {
			isa = PBXGroup;
			children = (
				6A742CE917DBA013008B75C8 /* libPAAdminClient.a */,
				6A742CA217DB9BC9008B75C8 /* Foundation.framework */,
				6A742CA417DB9BC9008B75C8 /* CoreGraphics.framework */,
				6A742CA617DB9BC9008B75C8 /* UIKit.framework */,
				6A742CC417DB9BC9008B75C8 /* XCTest.framework */,
			);
			name = Frameworks;
			sourceTree = "<group>";
		};
		6A742CA817DB9BC9008B75C8 /* UIKitStuff */ = {
			isa = PBXGroup;
			children = (
				6A742CB117DB9BC9008B75C8 /* PAAppDelegate.h */,
				6A742CB217DB9BC9008B75C8 /* PAAppDelegate.m */,
				6A742CB417DB9BC9008B75C8 /* Main.storyboard */,
				6A742CB717DB9BC9008B75C8 /* PAMasterViewController.h */,
				6A742CB817DB9BC9008B75C8 /* PAMasterViewController.m */,
				6A742CBA17DB9BC9008B75C8 /* PADetailViewController.h */,
				6A742CBB17DB9BC9008B75C8 /* PADetailViewController.m */,
				6A742CBD17DB9BC9008B75C8 /* Images.xcassets */,
				6A742CA917DB9BC9008B75C8 /* Supporting Files */,
			);
			path = UIKitStuff;
			sourceTree = "<group>";
		};
		6A742CA917DB9BC9008B75C8 /* Supporting Files */ = {
			isa = PBXGroup;
			children = (
				6A742CAA17DB9BC9008B75C8 /* UIKitStuff-Info.plist */,
				6A742CAB17DB9BC9008B75C8 /* InfoPlist.strings */,
				6A742CAE17DB9BC9008B75C8 /* main.mm */,
				6A742CB017DB9BC9008B75C8 /* UIKitStuff-Prefix.pch */,
			);
			name = "Supporting Files";
			sourceTree = "<group>";
		};
		6A742CCA17DB9BC9008B75C8 /* UIKitStuffTests */ = {
			isa = PBXGroup;
			children = (
				6A742CD017DB9BC9008B75C8 /* UIKitStuffTests.m */,
				6A742CCB17DB9BC9008B75C8 /* Supporting Files */,
			);
			path = UIKitStuffTests;
			sourceTree = "<group>";
		};
		6A742CCB17DB9BC9008B75C8 /* Supporting Files */ = {
			isa = PBXGroup;
			children = (
				6A742CCC17DB9BC9008B75C8 /* UIKitStuffTests-Info.plist */,
				6A742CCD17DB9BC9008B75C8 /* InfoPlist.strings */,
			);
			name = "Supporting Files";
			sourceTree = "<group>";
		};
/* End PBXGroup section */

/* Begin PBXNativeTarget section */
		6A742C9E17DB9BC9008B75C8 /* UIKitStuff */ = {
			isa = PBXNativeTarget;
			buildConfigurationList = 6A742CD417DB9BC9008B75C8 /* Build configuration list for PBXNativeTarget "UIKitStuff" */;
			buildPhases = (
				6A742C9B17DB9BC9008B75C8 /* Sources */,
				6A742C9C17DB9BC9008B75C8 /* Frameworks */,
				6A742C9D17DB9BC9008B75C8 /* Resources */,
			);
			buildRules = (
			);
			dependencies = (
			);
			name = UIKitStuff;
			productName = UIKitStuff;
			productReference = 6A742C9F17DB9BC9008B75C8 /* UIKitStuff.app */;
			productType = "com.apple.product-type.application";
		};
		6A742CC217DB9BC9008B75C8 /* UIKitStuffTests */ = {
			isa = PBXNativeTarget;
			buildConfigurationList = 6A742CD717DB9BC9008B75C8 /* Build configuration list for PBXNativeTarget "UIKitStuffTests" */;
			buildPhases = (
				6A742CBF17DB9BC9008B75C8 /* Sources */,
				6A742CC017DB9BC9008B75C8 /* Frameworks */,
				6A742CC117DB9BC9008B75C8 /* Resources */,
			);
			buildRules = (
			);
			dependencies = (
				6A742CC917DB9BC9008B75C8 /* PBXTargetDependency */,
			);
			name = UIKitStuffTests;
			productName = UIKitStuffTests;
			productReference = 6A742CC317DB9BC9008B75C8 /* UIKitStuffTests.xctest */;
			productType = "com.apple.product-type.bundle.unit-test";
		};
/* End PBXNativeTarget section */

/* Begin PBXProject section */
		6A742C9717DB9BC9008B75C8 /* Project object */ = {
			isa = PBXProject;
			attributes = {
				CLASSPREFIX = PA;
				LastUpgradeCheck = 0500;
				ORGANIZATIONNAME = "Andrew Aude";
				TargetAttributes = {
					6A742CC217DB9BC9008B75C8 = {
						TestTargetID = 6A742C9E17DB9BC9008B75C8;
					};
				};
			};
			buildConfigurationList = 6A742C9A17DB9BC9008B75C8 /* Build configuration list for PBXProject "UIKitStuff" */;
			compatibilityVersion = "Xcode 3.2";
			developmentRegion = English;
			hasScannedForEncodings = 0;
			knownRegions = (
				en,
				Base,
			);
			mainGroup = 6A742C9617DB9BC9008B75C8;
			productRefGroup = 6A742CA017DB9BC9008B75C8 /* Products */;
			projectDirPath = "";
			projectRoot = "";
			targets = (
				6A742C9E17DB9BC9008B75C8 /* UIKitStuff */,
				6A742CC217DB9BC9008B75C8 /* UIKitStuffTests */,
			);
		};
/* End PBXProject section */

/* Begin PBXResourcesBuildPhase section */
		6A742C9D17DB9BC9008B75C8 /* Resources */ = {
			isa = PBXResourcesBuildPhase;
			buildActionMask = 2147483647;
			files = (
				6A742CBE17DB9BC9008B75C8 /* Images.xcassets in Resources */,
				6A742CAD17DB9BC9008B75C8 /* InfoPlist.strings in Resources */,
				6A742CB617DB9BC9008B75C8 /* Main.storyboard in Resources */,
			);
			runOnlyForDeploymentPostprocessing = 0;
		};
		6A742CC117DB9BC9008B75C8 /* Resources */ = {
			isa = PBXResourcesBuildPhase;
			buildActionMask = 2147483647;
			files = (
				6A742CCF17DB9BC9008B75C8 /* InfoPlist.strings in Resources */,
			);
			runOnlyForDeploymentPostprocessing = 0;
		};
/* End PBXResourcesBuildPhase section */

/* Begin PBXSourcesBuildPhase section */
		6A742C9B17DB9BC9008B75C8 /* Sources */ = {
			isa = PBXSourcesBuildPhase;
			buildActionMask = 2147483647;
			files = (
				6A742CAF17DB9BC9008B75C8 /* main.mm in Sources */,
				6A742CB917DB9BC9008B75C8 /* PAMasterViewController.m in Sources */,
				6A742CBC17DB9BC9008B75C8 /* PADetailViewController.m in Sources */,
				6A742CB317DB9BC9008B75C8 /* PAAppDelegate.m in Sources */,
			);
			runOnlyForDeploymentPostprocessing = 0;
		};
		6A742CBF17DB9BC9008B75C8 /* Sources */ = {
			isa = PBXSourcesBuildPhase;
			buildActionMask = 2147483647;
			files = (
				6A742CD117DB9BC9008B75C8 /* UIKitStuffTests.m in Sources */,
			);
			runOnlyForDeploymentPostprocessing = 0;
		};
/* End PBXSourcesBuildPhase section */

/* Begin PBXTargetDependency section */
		6A742CC917DB9BC9008B75C8 /* PBXTargetDependency */ = {
			isa = PBXTargetDependency;
			target = 6A742C9E17DB9BC9008B75C8 /* UIKitStuff */;
			targetProxy = 6A742CC817DB9BC9008B75C8 /* PBXContainerItemProxy */;
		};
/* End PBXTargetDependency section */

/* Begin PBXVariantGroup section */
		6A742CAB17DB9BC9008B75C8 /* InfoPlist.strings */ = {
			isa = PBXVariantGroup;
			children = (
				6A742CAC17DB9BC9008B75C8 /* en */,
			);
			name = InfoPlist.strings;
			sourceTree = "<group>";
		};
		6A742CB417DB9BC9008B75C8 /* Main.storyboard */ = {
			isa = PBXVariantGroup;
			children = (
				6A742CB517DB9BC9008B75C8 /* Base */,
			);
			name = Main.storyboard;
			sourceTree = "<group>";
		};
		6A742CCD17DB9BC9008B75C8 /* InfoPlist.strings */ = {
			isa = PBXVariantGroup;
			children = (
				6A742CCE17DB9BC9008B75C8 /* en */,
			);
			name = InfoPlist.strings;
			sourceTree = "<group>";
		};
/* End PBXVariantGroup section */

/* Begin XCBuildConfiguration section */
		6A742CD217DB9BC9008B75C8 /* Debug */ = {
			isa = XCBuildConfiguration;
			buildSettings = {
				ALWAYS_SEARCH_USER_PATHS = NO;
				CLANG_ENABLE_MODULES = YES;
				CLANG_ENABLE_OBJC_ARC = YES;
				CLANG_WARN_BOOL_CONVERSION = YES;
				CLANG_WARN_CONSTANT_CONVERSION = YES;
				CLANG_WARN_DIRECT_OBJC_ISA_USAGE = YES_ERROR;
				CLANG_WARN_EMPTY_BODY = YES;
				CLANG_WARN_ENUM_CONVERSION = YES;
				CLANG_WARN_INT_CONVERSION = YES;
				CLANG_WARN_OBJC_ROOT_CLASS = YES_ERROR;
				CLANG_WARN__DUPLICATE_METHOD_MATCH = YES;
				"CODE_SIGN_IDENTITY[sdk=iphoneos*]" = "iPhone Developer";
				COPY_PHASE_STRIP = NO;
				GCC_C_LANGUAGE_STANDARD = gnu99;
				GCC_DYNAMIC_NO_PIC = NO;
				GCC_OPTIMIZATION_LEVEL = 0;
				GCC_PREPROCESSOR_DEFINITIONS = (
					"DEBUG=1",
					"$(inherited)",
				);
				GCC_SYMBOLS_PRIVATE_EXTERN = NO;
				GCC_WARN_ABOUT_RETURN_TYPE = YES_ERROR;
				GCC_WARN_UNDECLARED_SELECTOR = YES;
				GCC_WARN_UNINITIALIZED_AUTOS = YES;
				GCC_WARN_UNUSED_FUNCTION = YES;
				GCC_WARN_UNUSED_VARIABLE = YES;
				IPHONEOS_DEPLOYMENT_TARGET = 7.0;
				ONLY_ACTIVE_ARCH = YES;
				OTHER_LDFLAGS = "-all_load";
				SDKROOT = iphoneos;
			};
			name = Debug;
		};
		6A742CD317DB9BC9008B75C8 /* Release */ = {
			isa = XCBuildConfiguration;
			buildSettings = {
				ALWAYS_SEARCH_USER_PATHS = NO;
				CLANG_ENABLE_MODULES = YES;
				CLANG_ENABLE_OBJC_ARC = YES;
				CLANG_WARN_BOOL_CONVERSION = YES;
				CLANG_WARN_CONSTANT_CONVERSION = YES;
				CLANG_WARN_DIRECT_OBJC_ISA_USAGE = YES_ERROR;
				CLANG_WARN_EMPTY_BODY = YES;
				CLANG_WARN_ENUM_CONVERSION = YES;
				CLANG_WARN_INT_CONVERSION = YES;
				CLANG_WARN_OBJC_ROOT_CLASS = YES_ERROR;
				CLANG_WARN__DUPLICATE_METHOD_MATCH = YES;
				"CODE_SIGN_IDENTITY[sdk=iphoneos*]" = "iPhone Developer";
				COPY_PHASE_STRIP = YES;
				ENABLE_NS_ASSERTIONS = NO;
				GCC_C_LANGUAGE_STANDARD = gnu99;
				GCC_WARN_ABOUT_RETURN_TYPE = YES_ERROR;
				GCC_WARN_UNDECLARED_SELECTOR = YES;
				GCC_WARN_UNINITIALIZED_AUTOS = YES;
				GCC_WARN_UNUSED_FUNCTION = YES;
				GCC_WARN_UNUSED_VARIABLE = YES;
				IPHONEOS_DEPLOYMENT_TARGET = 7.0;
				OTHER_LDFLAGS = "-all_load";
				SDKROOT = iphoneos;
				VALIDATE_PRODUCT = YES;
			};
			name = Release;
		};
		6A742CD517DB9BC9008B75C8 /* Debug */ = {
			isa = XCBuildConfiguration;
			buildSettings = {
				ASSETCATALOG_COMPILER_APPICON_NAME = AppIcon;
				ASSETCATALOG_COMPILER_LAUNCHIMAGE_NAME = LaunchImage;
				CLANG_CXX_LANGUAGE_STANDARD = "gnu++0x";
				CLANG_CXX_LIBRARY = "libstdc++";
				GCC_PRECOMPILE_PREFIX_HEADER = YES;
				GCC_PREFIX_HEADER = "UIKitStuff/UIKitStuff-Prefix.pch";
				INFOPLIST_FILE = "UIKitStuff/UIKitStuff-Info.plist";
				PRODUCT_NAME = "$(TARGET_NAME)";
				WRAPPER_EXTENSION = app;
			};
			name = Debug;
		};
		6A742CD617DB9BC9008B75C8 /* Release */ = {
			isa = XCBuildConfiguration;
			buildSettings = {
				ASSETCATALOG_COMPILER_APPICON_NAME = AppIcon;
				ASSETCATALOG_COMPILER_LAUNCHIMAGE_NAME = LaunchImage;
				CLANG_CXX_LANGUAGE_STANDARD = "gnu++0x";
				CLANG_CXX_LIBRARY = "libstdc++";
				GCC_PRECOMPILE_PREFIX_HEADER = YES;
				GCC_PREFIX_HEADER = "UIKitStuff/UIKitStuff-Prefix.pch";
				INFOPLIST_FILE = "UIKitStuff/UIKitStuff-Info.plist";
				PRODUCT_NAME = "$(TARGET_NAME)";
				WRAPPER_EXTENSION = app;
			};
			name = Release;
		};
		6A742CD817DB9BC9008B75C8 /* Debug */ = {
			isa = XCBuildConfiguration;
			buildSettings = {
				BUNDLE_LOADER = "$(BUILT_PRODUCTS_DIR)/UIKitStuff.app/UIKitStuff";
				FRAMEWORK_SEARCH_PATHS = (
					"$(SDKROOT)/Developer/Library/Frameworks",
					"$(inherited)",
					"$(DEVELOPER_FRAMEWORKS_DIR)",
				);
				GCC_PRECOMPILE_PREFIX_HEADER = YES;
				GCC_PREFIX_HEADER = "UIKitStuff/UIKitStuff-Prefix.pch";
				GCC_PREPROCESSOR_DEFINITIONS = (
					"DEBUG=1",
					"$(inherited)",
				);
				INFOPLIST_FILE = "UIKitStuffTests/UIKitStuffTests-Info.plist";
				PRODUCT_NAME = "$(TARGET_NAME)";
				TEST_HOST = "$(BUNDLE_LOADER)";
				WRAPPER_EXTENSION = xctest;
			};
			name = Debug;
		};
		6A742CD917DB9BC9008B75C8 /* Release */ = {
			isa = XCBuildConfiguration;
			buildSettings = {
				BUNDLE_LOADER = "$(BUILT_PRODUCTS_DIR)/UIKitStuff.app/UIKitStuff";
				FRAMEWORK_SEARCH_PATHS = (
					"$(SDKROOT)/Developer/Library/Frameworks",
					"$(inherited)",
					"$(DEVELOPER_FRAMEWORKS_DIR)",
				);
				GCC_PRECOMPILE_PREFIX_HEADER = YES;
				GCC_PREFIX_HEADER = "UIKitStuff/UIKitStuff-Prefix.pch";
				INFOPLIST_FILE = "UIKitStuffTests/UIKitStuffTests-Info.plist";
				PRODUCT_NAME = "$(TARGET_NAME)";
				TEST_HOST = "$(BUNDLE_LOADER)";
				WRAPPER_EXTENSION = xctest;
			};
			name = Release;
		};
/* End XCBuildConfiguration section */

/* Begin XCConfigurationList section */
		6A742C9A17DB9BC9008B75C8 /* Build configuration list for PBXProject "UIKitStuff" */ = {
			isa = XCConfigurationList;
			buildConfigurations = (
				6A742CD217DB9BC9008B75C8 /* Debug */,
				6A742CD317DB9BC9008B75C8 /* Release */,
			);
			defaultConfigurationIsVisible = 0;
			defaultConfigurationName = Release;
		};
		6A742CD417DB9BC9008B75C8 /* Build configuration list for PBXNativeTarget "UIKitStuff" */ = {
			isa = XCConfigurationList;
			buildConfigurations = (
				6A742CD517DB9BC9008B75C8 /* Debug */,
				6A742CD617DB9BC9008B75C8 /* Release */,
			);
			defaultConfigurationIsVisible = 0;
			defaultConfigurationName = Release;
		};
		6A742CD717DB9BC9008B75C8 /* Build configuration list for PBXNativeTarget "UIKitStuffTests" */ = {
			isa = XCConfigurationList;
			buildConfigurations = (
				6A742CD817DB9BC9008B75C8 /* Debug */,
				6A742CD917DB9BC9008B75C8 /* Release */,
			);
			defaultConfigurationIsVisible = 0;
			defaultConfigurationName = Release;
		};
/* End XCConfigurationList section */
	};
	rootObject = 6A742C9717DB9BC9008B75C8 /* Project object */;
}
